
Microsoft Visual Studio Solution File, Format Version 12.00
# Visual Studio 14
VisualStudioVersion = 14.0.25420.1
MinimumVisualStudioVersion = 10.0.40219.1
Project("{FAE04EC0-301F-11D3-BF4B-00C04F79EFBC}") = "TestWebProject", "TestWebProject\TestWebProject.csproj", "{40241758-46EC-441A-9A64-EE9640F7C06A}"
EndProject
Project("{FAE04EC0-301F-11D3-BF4B-00C04F79EFBC}") = "TestWebLibrary", "TestWebLibrary\TestWebLibrary.csproj", "{30A1AD88-D50D-430B-9A31-C0296607AE1B}"
EndProject
Project("{FAE04EC0-301F-11D3-BF4B-00C04F79EFBC}") = "APIWork", "APIWork\APIWork.csproj", "{C0660105-BAFE-4150-840E-CACBE56DE799}"
EndProject
Global
	GlobalSection(SolutionConfigurationPlatforms) = preSolution
		Debug|Any CPU = Debug|Any CPU
		Release|Any CPU = Release|Any CPU
	EndGlobalSection
	GlobalSection(ProjectConfigurationPlatforms) = postSolution
		{40241758-46EC-441A-9A64-EE9640F7C06A}.Debug|Any CPU.ActiveCfg = Debug|Any CPU
		{40241758-46EC-441A-9A64-EE9640F7C06A}.Debug|Any CPU.Build.0 = Debug|Any CPU
		{40241758-46EC-441A-9A64-EE9640F7C06A}.Release|Any CPU.ActiveCfg = Release|Any CPU
		{40241758-46EC-441A-9A64-EE9640F7C06A}.Release|Any CPU.Build.0 = Release|Any CPU
		{30A1AD88-D50D-430B-9A31-C0296607AE1B}.Debug|Any CPU.ActiveCfg = Debug|Any CPU
		{30A1AD88-D50D-430B-9A31-C0296607AE1B}.Debug|Any CPU.Build.0 = Debug|Any CPU
		{30A1AD88-D50D-430B-9A31-C0296607AE1B}.Release|Any CPU.ActiveCfg = Release|Any CPU
		{30A1AD88-D50D-430B-9A31-C0296607AE1B}.Release|Any CPU.Build.0 = Release|Any CPU
		{C0660105-BAFE-4150-840E-CACBE56DE799}.Debug|Any CPU.ActiveCfg = Debug|Any CPU
		{C0660105-BAFE-4150-840E-CACBE56DE799}.Debug|Any CPU.Build.0 = Debug|Any CPU
		{C0660105-BAFE-4150-840E-CACBE56DE799}.Release|Any CPU.ActiveCfg = Release|Any CPU
		{C0660105-BAFE-4150-840E-CACBE56DE799}.Release|Any CPU.Build.0 = Release|Any CPU
	EndGlobalSection
	GlobalSection(SolutionProperties) = preSolution
		HideSolutionNode = FALSE
	EndGlobalSection
EndGlobal
